
Microsoft Visual Studio Solution File, Format Version 12.00
# Visual Studio 15
VisualStudioVersion = 15.0.27428.2005
MinimumVisualStudioVersion = 10.0.40219.1
Project("{F184B08F-C81C-45F6-A57F-5ABD9991F28F}") = "ExentDocumentParser", "ExentDocumentParser\ExentDocumentParser.vbproj", "{E9F981AF-E236-4CC5-89B2-AE2C1D8A3567}"
EndProject
Global
	GlobalSection(SolutionConfigurationPlatforms) = preSolution
		Debug|Any CPU = Debug|Any CPU
		Debug|x86 = Debug|x86
		Release|Any CPU = Release|Any CPU
		Release|x86 = Release|x86
	EndGlobalSection
	GlobalSection(ProjectConfigurationPlatforms) = postSolution
		{E9F981AF-E236-4CC5-89B2-AE2C1D8A3567}.Debug|Any CPU.ActiveCfg = Debug|Any CPU
		{E9F981AF-E236-4CC5-89B2-AE2C1D8A3567}.Debug|Any CPU.Build.0 = Debug|Any CPU
		{E9F981AF-E236-4CC5-89B2-AE2C1D8A3567}.Debug|x86.ActiveCfg = Debug|x86
		{E9F981AF-E236-4CC5-89B2-AE2C1D8A3567}.Debug|x86.Build.0 = Debug|x86
		{E9F981AF-E236-4CC5-89B2-AE2C1D8A3567}.Release|Any CPU.ActiveCfg = Release|Any CPU
		{E9F981AF-E236-4CC5-89B2-AE2C1D8A3567}.Release|Any CPU.Build.0 = Release|Any CPU
		{E9F981AF-E236-4CC5-89B2-AE2C1D8A3567}.Release|x86.ActiveCfg = Release|x86
		{E9F981AF-E236-4CC5-89B2-AE2C1D8A3567}.Release|x86.Build.0 = Release|x86
	EndGlobalSection
	GlobalSection(SolutionProperties) = preSolution
		HideSolutionNode = FALSE
	EndGlobalSection
	GlobalSection(ExtensibilityGlobals) = postSolution
		SolutionGuid = {1349FF52-7561-4E5B-AD80-87B34B73EB40}
	EndGlobalSection
EndGlobal
